
Microsoft Visual Studio Solution File, Format Version 12.00
# Visual Studio Version 17
VisualStudioVersion = 17.7.34202.233
MinimumVisualStudioVersion = 10.0.40219.1
Project("{FAE04EC0-301F-11D3-BF4B-00C04F79EFBC}") = "Domain", "Domain\Domain.csproj", "{080346C8-3C89-4380-BD29-D5F5C0C2D9E3}"
EndProject
Project("{FAE04EC0-301F-11D3-BF4B-00C04F79EFBC}") = "Application", "Application\Application.csproj", "{3118B354-2C38-43E7-B4E1-B2C17A0D5687}"
EndProject
Project("{FAE04EC0-301F-11D3-BF4B-00C04F79EFBC}") = "Infrastructure", "Infrastructure\Infrastructure.csproj", "{5AF31D48-5101-4D4C-89A3-C56FA8967840}"
EndProject
Project("{FAE04EC0-301F-11D3-BF4B-00C04F79EFBC}") = "Presentation", "Presentation\Presentation.csproj", "{00F06C22-42FD-47DB-94AC-924928D3773C}"
EndProject
Project("{FAE04EC0-301F-11D3-BF4B-00C04F79EFBC}") = "Tests", "Tests\Tests.csproj", "{7D3F8E7C-2FC2-4F5B-894D-08F34C2E2A44}"
EndProject
Global
	GlobalSection(SolutionConfigurationPlatforms) = preSolution
		Debug|Any CPU = Debug|Any CPU
		Release|Any CPU = Release|Any CPU
	EndGlobalSection
	GlobalSection(ProjectConfigurationPlatforms) = postSolution
		{080346C8-3C89-4380-BD29-D5F5C0C2D9E3}.Debug|Any CPU.ActiveCfg = Debug|Any CPU
		{080346C8-3C89-4380-BD29-D5F5C0C2D9E3}.Debug|Any CPU.Build.0 = Debug|Any CPU
		{080346C8-3C89-4380-BD29-D5F5C0C2D9E3}.Release|Any CPU.ActiveCfg = Release|Any CPU
		{080346C8-3C89-4380-BD29-D5F5C0C2D9E3}.Release|Any CPU.Build.0 = Release|Any CPU
		{3118B354-2C38-43E7-B4E1-B2C17A0D5687}.Debug|Any CPU.ActiveCfg = Debug|Any CPU
		{3118B354-2C38-43E7-B4E1-B2C17A0D5687}.Debug|Any CPU.Build.0 = Debug|Any CPU
		{3118B354-2C38-43E7-B4E1-B2C17A0D5687}.Release|Any CPU.ActiveCfg = Release|Any CPU
		{3118B354-2C38-43E7-B4E1-B2C17A0D5687}.Release|Any CPU.Build.0 = Release|Any CPU
		{5AF31D48-5101-4D4C-89A3-C56FA8967840}.Debug|Any CPU.ActiveCfg = Debug|Any CPU
		{5AF31D48-5101-4D4C-89A3-C56FA8967840}.Debug|Any CPU.Build.0 = Debug|Any CPU
		{5AF31D48-5101-4D4C-89A3-C56FA8967840}.Release|Any CPU.ActiveCfg = Release|Any CPU
		{5AF31D48-5101-4D4C-89A3-C56FA8967840}.Release|Any CPU.Build.0 = Release|Any CPU
		{00F06C22-42FD-47DB-94AC-924928D3773C}.Debug|Any CPU.ActiveCfg = Debug|Any CPU
		{00F06C22-42FD-47DB-94AC-924928D3773C}.Debug|Any CPU.Build.0 = Debug|Any CPU
		{00F06C22-42FD-47DB-94AC-924928D3773C}.Release|Any CPU.ActiveCfg = Release|Any CPU
		{00F06C22-42FD-47DB-94AC-924928D3773C}.Release|Any CPU.Build.0 = Release|Any CPU
		{7D3F8E7C-2FC2-4F5B-894D-08F34C2E2A44}.Debug|Any CPU.ActiveCfg = Debug|Any CPU
		{7D3F8E7C-2FC2-4F5B-894D-08F34C2E2A44}.Debug|Any CPU.Build.0 = Debug|Any CPU
		{7D3F8E7C-2FC2-4F5B-894D-08F34C2E2A44}.Release|Any CPU.ActiveCfg = Release|Any CPU
		{7D3F8E7C-2FC2-4F5B-894D-08F34C2E2A44}.Release|Any CPU.Build.0 = Release|Any CPU
	EndGlobalSection
	GlobalSection(SolutionProperties) = preSolution
		HideSolutionNode = FALSE
	EndGlobalSection
	GlobalSection(ExtensibilityGlobals) = postSolution
		SolutionGuid = {4A8771CC-4C9E-48D3-8CB3-415FB38F5E57}
	EndGlobalSection
EndGlobal
